# This file is automatically @generated by Cargo.
# It is not intended for manual editing.
version = 4

[[package]]
name = "rc_and_refcell_00"
version = "0.1.0"

[[package]]
name = "rc_and_refcell_01"
version = "0.1.0"

[[package]]
name = "rc_and_refcell_02"
version = "0.1.0"

[[package]]
name = "rc_and_refcell_03"
version = "0.1.0"

[[package]]
name = "rc_and_refcell_main"
version = "0.1.0"

[[package]]
name = "threads_main"
version = "0.1.0"
